
Microsoft Visual Studio Solution File, Format Version 12.00
# Visual Studio Version 16
VisualStudioVersion = 16.0.30611.23
MinimumVisualStudioVersion = 10.0.40219.1
Project("{FAE04EC0-301F-11D3-BF4B-00C04F79EFBC}") = "FoopysExtras", "FoopysExtras\FoopysExtras.csproj", "{8D704B0B-9F2C-4709-A12F-71B4778F80C3}"
EndProject
Global
	GlobalSection(SolutionConfigurationPlatforms) = preSolution
		Debug|Any CPU = Debug|Any CPU
		Release|Any CPU = Release|Any CPU
	EndGlobalSection
	GlobalSection(ProjectConfigurationPlatforms) = postSolution
		{8D704B0B-9F2C-4709-A12F-71B4778F80C3}.Debug|Any CPU.ActiveCfg = Debug|Any CPU
		{8D704B0B-9F2C-4709-A12F-71B4778F80C3}.Debug|Any CPU.Build.0 = Debug|Any CPU
		{8D704B0B-9F2C-4709-A12F-71B4778F80C3}.Release|Any CPU.ActiveCfg = Release|Any CPU
		{8D704B0B-9F2C-4709-A12F-71B4778F80C3}.Release|Any CPU.Build.0 = Release|Any CPU
	EndGlobalSection
	GlobalSection(SolutionProperties) = preSolution
		HideSolutionNode = FALSE
	EndGlobalSection
	GlobalSection(ExtensibilityGlobals) = postSolution
		SolutionGuid = {E1069AFE-18EE-45DC-A9BC-DB193F0D8714}
	EndGlobalSection
EndGlobal
